
Microsoft Visual Studio Solution File, Format Version 12.00
# Visual Studio Version 17
VisualStudioVersion = 17.10.35201.131
MinimumVisualStudioVersion = 10.0.40219.1
Project("{2150E333-8FDC-42A3-9474-1A3956D46DE8}") = "Services", "Services", "{32E3DC1A-39D2-48D8-BB69-2FFB303A8FD8}"
EndProject
Project("{2150E333-8FDC-42A3-9474-1A3956D46DE8}") = "Catalog", "Catalog", "{C07CD336-426D-4A35-B05E-4D24B7DB3BFD}"
EndProject
Project("{9A19103F-16F7-4668-BE54-9A1E7A4F7556}") = "Catalog.API", "Services\Catalog\Catalog.API\Catalog.API.csproj", "{D40D4C7B-726B-4FB6-BDD8-759D3351396A}"
EndProject
Project("{2150E333-8FDC-42A3-9474-1A3956D46DE8}") = "BuildingBlocks", "BuildingBlocks", "{FE0272C6-8A9A-4172-88A2-E51154FD0455}"
EndProject
Project("{9A19103F-16F7-4668-BE54-9A1E7A4F7556}") = "BuildingBlocks", "BuildingBlocks\BuildingBlocks\BuildingBlocks.csproj", "{E259353A-8A0C-49BF-98C2-44BCF4D3F127}"
EndProject
Project("{E53339B2-1760-4266-BCC7-CA923CBCF16C}") = "docker-compose", "docker-compose.dcproj", "{C08482A0-4F53-4CF0-9435-02FB8DA89407}"
EndProject
Project("{2150E333-8FDC-42A3-9474-1A3956D46DE8}") = "Solution Items", "Solution Items", "{3406F120-7833-4B8C-8C03-AB7E92571AFA}"
	ProjectSection(SolutionItems) = preProject
		Notes.md = Notes.md
	EndProjectSection
EndProject
Project("{2150E333-8FDC-42A3-9474-1A3956D46DE8}") = "Basket", "Basket", "{C597CBDF-7A69-4460-87BD-7323683CEB77}"
EndProject
Project("{9A19103F-16F7-4668-BE54-9A1E7A4F7556}") = "Basket.API", "Services\Basket\Basket.API\Basket.API.csproj", "{2841D492-FF57-4243-93FA-B5B34C18FF62}"
EndProject
Project("{2150E333-8FDC-42A3-9474-1A3956D46DE8}") = "Discount", "Discount", "{E67D27B1-FB53-4686-8DDB-896D0ABC681E}"
EndProject
Project("{9A19103F-16F7-4668-BE54-9A1E7A4F7556}") = "Discount.Grpc", "Services\Discount\Discount.Grpc\Discount.Grpc.csproj", "{EBCBEE82-C439-4EF6-B63C-05BB3B80D7D8}"
EndProject
Project("{2150E333-8FDC-42A3-9474-1A3956D46DE8}") = "Ordering", "Ordering", "{CFB68EA3-7350-4B71-999B-62DC384C2AAC}"
EndProject
Project("{9A19103F-16F7-4668-BE54-9A1E7A4F7556}") = "Ordering.API", "Services\Ordering\Ordering.API\Ordering.API.csproj", "{774221FA-64FA-47C9-AF38-FF8474EBFF18}"
EndProject
Project("{9A19103F-16F7-4668-BE54-9A1E7A4F7556}") = "Ordering.Application", "Services\Ordering\Ordering.Application\Ordering.Application.csproj", "{8A776089-24BB-433A-8D49-8E9D5CC094DA}"
EndProject
Project("{9A19103F-16F7-4668-BE54-9A1E7A4F7556}") = "Ordering.Domain", "Services\Ordering\Ordering.Domain\Ordering.Domain.csproj", "{1500BBCF-E6BA-4DA5-A109-E76A4802871B}"
EndProject
Project("{9A19103F-16F7-4668-BE54-9A1E7A4F7556}") = "Ordering.Infrastructure", "Services\Ordering\Ordering.Infrastructure\Ordering.Infrastructure.csproj", "{AF236461-E6E4-4CF5-A791-9E0F09D0BE04}"
EndProject
Project("{FAE04EC0-301F-11D3-BF4B-00C04F79EFBC}") = "BuildingBlocks.Messaging", "BuildingBlocks\BuildingBlocks.Messaging\BuildingBlocks.Messaging.csproj", "{1A0A1504-7EA7-46E2-B800-78A0EB085AAB}"
EndProject
Project("{2150E333-8FDC-42A3-9474-1A3956D46DE8}") = "APIGateways", "APIGateways", "{D2CCEA69-4644-4AD7-92A1-E470FDE7407E}"
EndProject
Project("{FAE04EC0-301F-11D3-BF4B-00C04F79EFBC}") = "YarpAPIGateway", "APIGateways\YarpAPIGateway\YarpAPIGateway.csproj", "{90036B23-1347-4257-96B5-EA0C6B9073FA}"
EndProject
Global
	GlobalSection(SolutionConfigurationPlatforms) = preSolution
		Debug|Any CPU = Debug|Any CPU
		Release|Any CPU = Release|Any CPU
	EndGlobalSection
	GlobalSection(ProjectConfigurationPlatforms) = postSolution
		{D40D4C7B-726B-4FB6-BDD8-759D3351396A}.Debug|Any CPU.ActiveCfg = Debug|Any CPU
		{D40D4C7B-726B-4FB6-BDD8-759D3351396A}.Debug|Any CPU.Build.0 = Debug|Any CPU
		{D40D4C7B-726B-4FB6-BDD8-759D3351396A}.Release|Any CPU.ActiveCfg = Release|Any CPU
		{D40D4C7B-726B-4FB6-BDD8-759D3351396A}.Release|Any CPU.Build.0 = Release|Any CPU
		{E259353A-8A0C-49BF-98C2-44BCF4D3F127}.Debug|Any CPU.ActiveCfg = Debug|Any CPU
		{E259353A-8A0C-49BF-98C2-44BCF4D3F127}.Debug|Any CPU.Build.0 = Debug|Any CPU
		{E259353A-8A0C-49BF-98C2-44BCF4D3F127}.Release|Any CPU.ActiveCfg = Release|Any CPU
		{E259353A-8A0C-49BF-98C2-44BCF4D3F127}.Release|Any CPU.Build.0 = Release|Any CPU
		{C08482A0-4F53-4CF0-9435-02FB8DA89407}.Debug|Any CPU.ActiveCfg = Debug|Any CPU
		{C08482A0-4F53-4CF0-9435-02FB8DA89407}.Debug|Any CPU.Build.0 = Debug|Any CPU
		{C08482A0-4F53-4CF0-9435-02FB8DA89407}.Release|Any CPU.ActiveCfg = Release|Any CPU
		{C08482A0-4F53-4CF0-9435-02FB8DA89407}.Release|Any CPU.Build.0 = Release|Any CPU
		{2841D492-FF57-4243-93FA-B5B34C18FF62}.Debug|Any CPU.ActiveCfg = Debug|Any CPU
		{2841D492-FF57-4243-93FA-B5B34C18FF62}.Debug|Any CPU.Build.0 = Debug|Any CPU
		{2841D492-FF57-4243-93FA-B5B34C18FF62}.Release|Any CPU.ActiveCfg = Release|Any CPU
		{2841D492-FF57-4243-93FA-B5B34C18FF62}.Release|Any CPU.Build.0 = Release|Any CPU
		{EBCBEE82-C439-4EF6-B63C-05BB3B80D7D8}.Debug|Any CPU.ActiveCfg = Debug|Any CPU
		{EBCBEE82-C439-4EF6-B63C-05BB3B80D7D8}.Debug|Any CPU.Build.0 = Debug|Any CPU
		{EBCBEE82-C439-4EF6-B63C-05BB3B80D7D8}.Release|Any CPU.ActiveCfg = Release|Any CPU
		{EBCBEE82-C439-4EF6-B63C-05BB3B80D7D8}.Release|Any CPU.Build.0 = Release|Any CPU
		{774221FA-64FA-47C9-AF38-FF8474EBFF18}.Debug|Any CPU.ActiveCfg = Debug|Any CPU
		{774221FA-64FA-47C9-AF38-FF8474EBFF18}.Debug|Any CPU.Build.0 = Debug|Any CPU
		{774221FA-64FA-47C9-AF38-FF8474EBFF18}.Release|Any CPU.ActiveCfg = Release|Any CPU
		{774221FA-64FA-47C9-AF38-FF8474EBFF18}.Release|Any CPU.Build.0 = Release|Any CPU
		{8A776089-24BB-433A-8D49-8E9D5CC094DA}.Debug|Any CPU.ActiveCfg = Debug|Any CPU
		{8A776089-24BB-433A-8D49-8E9D5CC094DA}.Debug|Any CPU.Build.0 = Debug|Any CPU
		{8A776089-24BB-433A-8D49-8E9D5CC094DA}.Release|Any CPU.ActiveCfg = Release|Any CPU
		{8A776089-24BB-433A-8D49-8E9D5CC094DA}.Release|Any CPU.Build.0 = Release|Any CPU
		{1500BBCF-E6BA-4DA5-A109-E76A4802871B}.Debug|Any CPU.ActiveCfg = Debug|Any CPU
		{1500BBCF-E6BA-4DA5-A109-E76A4802871B}.Debug|Any CPU.Build.0 = Debug|Any CPU
		{1500BBCF-E6BA-4DA5-A109-E76A4802871B}.Release|Any CPU.ActiveCfg = Release|Any CPU
		{1500BBCF-E6BA-4DA5-A109-E76A4802871B}.Release|Any CPU.Build.0 = Release|Any CPU
		{AF236461-E6E4-4CF5-A791-9E0F09D0BE04}.Debug|Any CPU.ActiveCfg = Debug|Any CPU
		{AF236461-E6E4-4CF5-A791-9E0F09D0BE04}.Debug|Any CPU.Build.0 = Debug|Any CPU
		{AF236461-E6E4-4CF5-A791-9E0F09D0BE04}.Release|Any CPU.ActiveCfg = Release|Any CPU
		{AF236461-E6E4-4CF5-A791-9E0F09D0BE04}.Release|Any CPU.Build.0 = Release|Any CPU
		{1A0A1504-7EA7-46E2-B800-78A0EB085AAB}.Debug|Any CPU.ActiveCfg = Debug|Any CPU
		{1A0A1504-7EA7-46E2-B800-78A0EB085AAB}.Debug|Any CPU.Build.0 = Debug|Any CPU
		{1A0A1504-7EA7-46E2-B800-78A0EB085AAB}.Release|Any CPU.ActiveCfg = Release|Any CPU
		{1A0A1504-7EA7-46E2-B800-78A0EB085AAB}.Release|Any CPU.Build.0 = Release|Any CPU
		{90036B23-1347-4257-96B5-EA0C6B9073FA}.Debug|Any CPU.ActiveCfg = Debug|Any CPU
		{90036B23-1347-4257-96B5-EA0C6B9073FA}.Debug|Any CPU.Build.0 = Debug|Any CPU
		{90036B23-1347-4257-96B5-EA0C6B9073FA}.Release|Any CPU.ActiveCfg = Release|Any CPU
		{90036B23-1347-4257-96B5-EA0C6B9073FA}.Release|Any CPU.Build.0 = Release|Any CPU
	EndGlobalSection
	GlobalSection(SolutionProperties) = preSolution
		HideSolutionNode = FALSE
	EndGlobalSection
	GlobalSection(NestedProjects) = preSolution
		{C07CD336-426D-4A35-B05E-4D24B7DB3BFD} = {32E3DC1A-39D2-48D8-BB69-2FFB303A8FD8}
		{D40D4C7B-726B-4FB6-BDD8-759D3351396A} = {C07CD336-426D-4A35-B05E-4D24B7DB3BFD}
		{E259353A-8A0C-49BF-98C2-44BCF4D3F127} = {FE0272C6-8A9A-4172-88A2-E51154FD0455}
		{C597CBDF-7A69-4460-87BD-7323683CEB77} = {32E3DC1A-39D2-48D8-BB69-2FFB303A8FD8}
		{2841D492-FF57-4243-93FA-B5B34C18FF62} = {C597CBDF-7A69-4460-87BD-7323683CEB77}
		{E67D27B1-FB53-4686-8DDB-896D0ABC681E} = {32E3DC1A-39D2-48D8-BB69-2FFB303A8FD8}
		{EBCBEE82-C439-4EF6-B63C-05BB3B80D7D8} = {E67D27B1-FB53-4686-8DDB-896D0ABC681E}
		{CFB68EA3-7350-4B71-999B-62DC384C2AAC} = {32E3DC1A-39D2-48D8-BB69-2FFB303A8FD8}
		{774221FA-64FA-47C9-AF38-FF8474EBFF18} = {CFB68EA3-7350-4B71-999B-62DC384C2AAC}
		{8A776089-24BB-433A-8D49-8E9D5CC094DA} = {CFB68EA3-7350-4B71-999B-62DC384C2AAC}
		{1500BBCF-E6BA-4DA5-A109-E76A4802871B} = {CFB68EA3-7350-4B71-999B-62DC384C2AAC}
		{AF236461-E6E4-4CF5-A791-9E0F09D0BE04} = {CFB68EA3-7350-4B71-999B-62DC384C2AAC}
		{1A0A1504-7EA7-46E2-B800-78A0EB085AAB} = {FE0272C6-8A9A-4172-88A2-E51154FD0455}
		{90036B23-1347-4257-96B5-EA0C6B9073FA} = {D2CCEA69-4644-4AD7-92A1-E470FDE7407E}
	EndGlobalSection
	GlobalSection(ExtensibilityGlobals) = postSolution
		SolutionGuid = {09A9B911-12A9-4F99-A1B6-0640C8798671}
	EndGlobalSection
EndGlobal
